
Microsoft Visual Studio Solution File, Format Version 12.00
# Visual Studio Version 16
VisualStudioVersion = 16.0.29009.5
MinimumVisualStudioVersion = 10.0.40219.1
Project("{FAE04EC0-301F-11D3-BF4B-00C04F79EFBC}") = "Vidly-Core", "Vidly-Core\Vidly-Core.csproj", "{C2FEAEF7-33CB-410E-809B-72158B2C181B}"
EndProject
Global
	GlobalSection(SolutionConfigurationPlatforms) = preSolution
		Debug|Any CPU = Debug|Any CPU
		Release|Any CPU = Release|Any CPU
	EndGlobalSection
	GlobalSection(ProjectConfigurationPlatforms) = postSolution
		{C2FEAEF7-33CB-410E-809B-72158B2C181B}.Debug|Any CPU.ActiveCfg = Debug|Any CPU
		{C2FEAEF7-33CB-410E-809B-72158B2C181B}.Debug|Any CPU.Build.0 = Debug|Any CPU
		{C2FEAEF7-33CB-410E-809B-72158B2C181B}.Release|Any CPU.ActiveCfg = Release|Any CPU
		{C2FEAEF7-33CB-410E-809B-72158B2C181B}.Release|Any CPU.Build.0 = Release|Any CPU
	EndGlobalSection
	GlobalSection(SolutionProperties) = preSolution
		HideSolutionNode = FALSE
	EndGlobalSection
	GlobalSection(ExtensibilityGlobals) = postSolution
		SolutionGuid = {A770EF30-1630-460F-B62B-1B06C72C64DD}
	EndGlobalSection
EndGlobal
